
Microsoft Visual Studio Solution File, Format Version 12.00
# Visual Studio Version 16
VisualStudioVersion = 16.0.30907.101
MinimumVisualStudioVersion = 10.0.40219.1
Project("{9A19103F-16F7-4668-BE54-9A1E7A4F7556}") = "LibPgnReader", "Libraries\LibPgnReader\LibPgnReader.csproj", "{3D4CAA5D-0FF2-4888-88B6-6AE8CF237D36}"
EndProject
Project("{9A19103F-16F7-4668-BE54-9A1E7A4F7556}") = "LibChessGame.Models", "Libraries\LibChessGame.Models\LibChessGame.Models.csproj", "{D5822E1D-2B88-4EB6-9A6C-3ECA22BAA694}"
EndProject
Project("{9A19103F-16F7-4668-BE54-9A1E7A4F7556}") = "LibPgn.Conversor", "Libraries\LibPgnConversor\LibPgn.Conversor.csproj", "{BCD3B3FA-587E-4F3D-9A29-4A2049286C5A}"
EndProject
Project("{9A19103F-16F7-4668-BE54-9A1E7A4F7556}") = "LibChessGame.ViewModels", "Libraries\LibChessGame.ViewModels\LibChessGame.ViewModels.csproj", "{BD07FD83-8618-4E80-8336-77E4060C8C75}"
EndProject
Project("{2150E333-8FDC-42A3-9474-1A3956D46DE8}") = "PgnReader", "PgnReader", "{7E287064-0960-4337-A876-45122B67142D}"
EndProject
Project("{2150E333-8FDC-42A3-9474-1A3956D46DE8}") = "Mvvm", "Mvvm", "{1F671271-1D91-4C56-8B65-544A1CECB23A}"
EndProject
Project("{2150E333-8FDC-42A3-9474-1A3956D46DE8}") = "Test", "Test", "{41DAEE1C-E505-4EC7-B67D-6D47D8A30BA6}"
EndProject
Project("{2150E333-8FDC-42A3-9474-1A3956D46DE8}") = "ChessGame", "ChessGame", "{2D1F83BD-62E8-434A-9FD7-1549B27AECF6}"
EndProject
Project("{9A19103F-16F7-4668-BE54-9A1E7A4F7556}") = "PgnReaderConsole", "Tests\PgnReaderConsole\PgnReaderConsole.csproj", "{08CE6CFB-3133-4262-80A2-9E6FBEED4787}"
EndProject
Project("{9A19103F-16F7-4668-BE54-9A1E7A4F7556}") = "BauMvvm.ViewModels", "..\..\Libraries\Architecture\Mvvm\src\BauMvvm.ViewModels\BauMvvm.ViewModels.csproj", "{CA0ED11F-1022-45C5-AF0A-24DC5851B811}"
EndProject
Project("{9A19103F-16F7-4668-BE54-9A1E7A4F7556}") = "BauMvvm.Views", "..\..\Libraries\Architecture\Mvvm\src\BauMvvm.Views\BauMvvm.Views.csproj", "{3B1184B3-FB80-45A3-ABA8-B1DEF1BBAECF}"
EndProject
Project("{2150E333-8FDC-42A3-9474-1A3956D46DE8}") = "Controls", "Controls", "{7FE13DB9-C192-4F3B-AE81-5214F98615D6}"
EndProject
Project("{9A19103F-16F7-4668-BE54-9A1E7A4F7556}") = "BauControls", "..\..\Controls\WPF\BauControls\src\BauControls.csproj", "{3C5673AD-D82B-457A-9383-25ACC9B5547D}"
EndProject
Project("{9A19103F-16F7-4668-BE54-9A1E7A4F7556}") = "CodeEditor", "..\..\Controls\WPF\CodeEditor\src\CodeEditor.csproj", "{63D94487-48E4-4EF0-BC4D-39CA03C8EC5A}"
EndProject
Project("{2150E333-8FDC-42A3-9474-1A3956D46DE8}") = "Libraries", "Libraries", "{AE507F62-41E8-4F3E-8727-58FC104E95C8}"
EndProject
Project("{9A19103F-16F7-4668-BE54-9A1E7A4F7556}") = "LibLogger.Core", "..\..\Libraries\Common\LibLogger\src\LibLogger.Core\LibLogger.Core.csproj", "{1A9994A5-DFEC-4E76-9BB7-9058580FE097}"
EndProject
Project("{9A19103F-16F7-4668-BE54-9A1E7A4F7556}") = "BauMvvm.Views.Wpf", "..\..\Libraries\Architecture\Mvvm\src\BauMvvm.Views.Wpf\BauMvvm.Views.Wpf.csproj", "{D9160638-01C1-4C0F-AC11-F8830B781A70}"
EndProject
Project("{9A19103F-16F7-4668-BE54-9A1E7A4F7556}") = "BauChessDataBase.Studio", "Applications\BauChessDataBase.Studio\BauChessDataBase.Studio.csproj", "{4E0ED06E-28E5-437B-AF78-419431AA669D}"
EndProject
Project("{2150E333-8FDC-42A3-9474-1A3956D46DE8}") = "ChessDataBase", "ChessDataBase", "{CD32A433-76B7-4D6F-90E2-5EB00B0D8B1E}"
EndProject
Project("{9A19103F-16F7-4668-BE54-9A1E7A4F7556}") = "ChessDataBase.Models", "Libraries\Studio\ChessDataBase.Models\ChessDataBase.Models.csproj", "{04F19CE9-41EC-4C6C-812C-2D047339DE3E}"
EndProject
Project("{9A19103F-16F7-4668-BE54-9A1E7A4F7556}") = "ChessDataBase.Application", "Libraries\Studio\ChessDataBase.Application\ChessDataBase.Application.csproj", "{A3232ADB-820D-42C1-89EE-100BB5CCA488}"
EndProject
Project("{9A19103F-16F7-4668-BE54-9A1E7A4F7556}") = "ChessDataBase.ViewModels", "Libraries\Studio\ChessDataBase.ViewModels\ChessDataBase.ViewModels.csproj", "{0313704B-CDDE-4FCA-9D04-BC9D06F5BA02}"
EndProject
Project("{2150E333-8FDC-42A3-9474-1A3956D46DE8}") = "Common", "Common", "{178E46FF-81DA-42A9-AAF2-22BB522D8EFB}"
EndProject
Project("{9A19103F-16F7-4668-BE54-9A1E7A4F7556}") = "LibDataStructures", "..\..\Libraries\Common\LibDataStructures\src\LibDataStructures.csproj", "{9BBDDBEE-4F3E-4272-A902-94962DFFF3AB}"
EndProject
Project("{9A19103F-16F7-4668-BE54-9A1E7A4F7556}") = "LibHelper", "..\..\Libraries\Common\LibHelper\src\LibHelper.csproj", "{342190B0-11F8-46CE-B426-167F018C9D47}"
EndProject
Project("{9A19103F-16F7-4668-BE54-9A1E7A4F7556}") = "LibMarkup", "..\..\Libraries\Common\LibMarkup\src\LibMarkup.csproj", "{2C5CFDA3-920D-42C2-9DD3-2A02832A8247}"
EndProject
Project("{FAE04EC0-301F-11D3-BF4B-00C04F79EFBC}") = "LibSystem.Windows", "..\..\Libraries\Common\LibSystem.Windows\LibSystem.Windows.csproj", "{5611C077-29FB-4570-B1DB-059EC39E3989}"
EndProject
Project("{2150E333-8FDC-42A3-9474-1A3956D46DE8}") = "ChessBoardsModels", "ChessBoardsModels", "{7F34C6DF-68DD-4F5F-8A8B-B05C49740063}"
EndProject
Project("{FAE04EC0-301F-11D3-BF4B-00C04F79EFBC}") = "BauChessViewer", "Applications\BauChessViewer\BauChessViewer.csproj", "{75C097A5-1372-41E3-8B9A-9EA0750E16EA}"
EndProject
Project("{9A19103F-16F7-4668-BE54-9A1E7A4F7556}") = "DockLayout", "..\..\Controls\WPF\DockLayout\src\DockLayout.csproj", "{0BE34A87-B23E-4565-8E03-2241741CBF0B}"
EndProject
Global
	GlobalSection(SolutionConfigurationPlatforms) = preSolution
		Debug|Any CPU = Debug|Any CPU
		Debug|ARM = Debug|ARM
		Debug|ARM64 = Debug|ARM64
		Debug|x64 = Debug|x64
		Debug|x86 = Debug|x86
		Release|Any CPU = Release|Any CPU
		Release|ARM = Release|ARM
		Release|ARM64 = Release|ARM64
		Release|x64 = Release|x64
		Release|x86 = Release|x86
	EndGlobalSection
	GlobalSection(ProjectConfigurationPlatforms) = postSolution
		{3D4CAA5D-0FF2-4888-88B6-6AE8CF237D36}.Debug|Any CPU.ActiveCfg = Debug|Any CPU
		{3D4CAA5D-0FF2-4888-88B6-6AE8CF237D36}.Debug|Any CPU.Build.0 = Debug|Any CPU
		{3D4CAA5D-0FF2-4888-88B6-6AE8CF237D36}.Debug|ARM.ActiveCfg = Debug|Any CPU
		{3D4CAA5D-0FF2-4888-88B6-6AE8CF237D36}.Debug|ARM.Build.0 = Debug|Any CPU
		{3D4CAA5D-0FF2-4888-88B6-6AE8CF237D36}.Debug|ARM64.ActiveCfg = Debug|Any CPU
		{3D4CAA5D-0FF2-4888-88B6-6AE8CF237D36}.Debug|ARM64.Build.0 = Debug|Any CPU
		{3D4CAA5D-0FF2-4888-88B6-6AE8CF237D36}.Debug|x64.ActiveCfg = Debug|Any CPU
		{3D4CAA5D-0FF2-4888-88B6-6AE8CF237D36}.Debug|x64.Build.0 = Debug|Any CPU
		{3D4CAA5D-0FF2-4888-88B6-6AE8CF237D36}.Debug|x86.ActiveCfg = Debug|Any CPU
		{3D4CAA5D-0FF2-4888-88B6-6AE8CF237D36}.Debug|x86.Build.0 = Debug|Any CPU
		{3D4CAA5D-0FF2-4888-88B6-6AE8CF237D36}.Release|Any CPU.ActiveCfg = Release|Any CPU
		{3D4CAA5D-0FF2-4888-88B6-6AE8CF237D36}.Release|Any CPU.Build.0 = Release|Any CPU
		{3D4CAA5D-0FF2-4888-88B6-6AE8CF237D36}.Release|ARM.ActiveCfg = Release|Any CPU
		{3D4CAA5D-0FF2-4888-88B6-6AE8CF237D36}.Release|ARM.Build.0 = Release|Any CPU
		{3D4CAA5D-0FF2-4888-88B6-6AE8CF237D36}.Release|ARM64.ActiveCfg = Release|Any CPU
		{3D4CAA5D-0FF2-4888-88B6-6AE8CF237D36}.Release|ARM64.Build.0 = Release|Any CPU
		{3D4CAA5D-0FF2-4888-88B6-6AE8CF237D36}.Release|x64.ActiveCfg = Release|Any CPU
		{3D4CAA5D-0FF2-4888-88B6-6AE8CF237D36}.Release|x64.Build.0 = Release|Any CPU
		{3D4CAA5D-0FF2-4888-88B6-6AE8CF237D36}.Release|x86.ActiveCfg = Release|Any CPU
		{3D4CAA5D-0FF2-4888-88B6-6AE8CF237D36}.Release|x86.Build.0 = Release|Any CPU
		{D5822E1D-2B88-4EB6-9A6C-3ECA22BAA694}.Debug|Any CPU.ActiveCfg = Debug|Any CPU
		{D5822E1D-2B88-4EB6-9A6C-3ECA22BAA694}.Debug|Any CPU.Build.0 = Debug|Any CPU
		{D5822E1D-2B88-4EB6-9A6C-3ECA22BAA694}.Debug|ARM.ActiveCfg = Debug|Any CPU
		{D5822E1D-2B88-4EB6-9A6C-3ECA22BAA694}.Debug|ARM.Build.0 = Debug|Any CPU
		{D5822E1D-2B88-4EB6-9A6C-3ECA22BAA694}.Debug|ARM64.ActiveCfg = Debug|Any CPU
		{D5822E1D-2B88-4EB6-9A6C-3ECA22BAA694}.Debug|ARM64.Build.0 = Debug|Any CPU
		{D5822E1D-2B88-4EB6-9A6C-3ECA22BAA694}.Debug|x64.ActiveCfg = Debug|Any CPU
		{D5822E1D-2B88-4EB6-9A6C-3ECA22BAA694}.Debug|x64.Build.0 = Debug|Any CPU
		{D5822E1D-2B88-4EB6-9A6C-3ECA22BAA694}.Debug|x86.ActiveCfg = Debug|Any CPU
		{D5822E1D-2B88-4EB6-9A6C-3ECA22BAA694}.Debug|x86.Build.0 = Debug|Any CPU
		{D5822E1D-2B88-4EB6-9A6C-3ECA22BAA694}.Release|Any CPU.ActiveCfg = Release|Any CPU
		{D5822E1D-2B88-4EB6-9A6C-3ECA22BAA694}.Release|Any CPU.Build.0 = Release|Any CPU
		{D5822E1D-2B88-4EB6-9A6C-3ECA22BAA694}.Release|ARM.ActiveCfg = Release|Any CPU
		{D5822E1D-2B88-4EB6-9A6C-3ECA22BAA694}.Release|ARM.Build.0 = Release|Any CPU
		{D5822E1D-2B88-4EB6-9A6C-3ECA22BAA694}.Release|ARM64.ActiveCfg = Release|Any CPU
		{D5822E1D-2B88-4EB6-9A6C-3ECA22BAA694}.Release|ARM64.Build.0 = Release|Any CPU
		{D5822E1D-2B88-4EB6-9A6C-3ECA22BAA694}.Release|x64.ActiveCfg = Release|Any CPU
		{D5822E1D-2B88-4EB6-9A6C-3ECA22BAA694}.Release|x64.Build.0 = Release|Any CPU
		{D5822E1D-2B88-4EB6-9A6C-3ECA22BAA694}.Release|x86.ActiveCfg = Release|Any CPU
		{D5822E1D-2B88-4EB6-9A6C-3ECA22BAA694}.Release|x86.Build.0 = Release|Any CPU
		{BCD3B3FA-587E-4F3D-9A29-4A2049286C5A}.Debug|Any CPU.ActiveCfg = Debug|Any CPU
		{BCD3B3FA-587E-4F3D-9A29-4A2049286C5A}.Debug|Any CPU.Build.0 = Debug|Any CPU
		{BCD3B3FA-587E-4F3D-9A29-4A2049286C5A}.Debug|ARM.ActiveCfg = Debug|Any CPU
		{BCD3B3FA-587E-4F3D-9A29-4A2049286C5A}.Debug|ARM.Build.0 = Debug|Any CPU
		{BCD3B3FA-587E-4F3D-9A29-4A2049286C5A}.Debug|ARM64.ActiveCfg = Debug|Any CPU
		{BCD3B3FA-587E-4F3D-9A29-4A2049286C5A}.Debug|ARM64.Build.0 = Debug|Any CPU
		{BCD3B3FA-587E-4F3D-9A29-4A2049286C5A}.Debug|x64.ActiveCfg = Debug|Any CPU
		{BCD3B3FA-587E-4F3D-9A29-4A2049286C5A}.Debug|x64.Build.0 = Debug|Any CPU
		{BCD3B3FA-587E-4F3D-9A29-4A2049286C5A}.Debug|x86.ActiveCfg = Debug|Any CPU
		{BCD3B3FA-587E-4F3D-9A29-4A2049286C5A}.Debug|x86.Build.0 = Debug|Any CPU
		{BCD3B3FA-587E-4F3D-9A29-4A2049286C5A}.Release|Any CPU.ActiveCfg = Release|Any CPU
		{BCD3B3FA-587E-4F3D-9A29-4A2049286C5A}.Release|Any CPU.Build.0 = Release|Any CPU
		{BCD3B3FA-587E-4F3D-9A29-4A2049286C5A}.Release|ARM.ActiveCfg = Release|Any CPU
		{BCD3B3FA-587E-4F3D-9A29-4A2049286C5A}.Release|ARM.Build.0 = Release|Any CPU
		{BCD3B3FA-587E-4F3D-9A29-4A2049286C5A}.Release|ARM64.ActiveCfg = Release|Any CPU
		{BCD3B3FA-587E-4F3D-9A29-4A2049286C5A}.Release|ARM64.Build.0 = Release|Any CPU
		{BCD3B3FA-587E-4F3D-9A29-4A2049286C5A}.Release|x64.ActiveCfg = Release|Any CPU
		{BCD3B3FA-587E-4F3D-9A29-4A2049286C5A}.Release|x64.Build.0 = Release|Any CPU
		{BCD3B3FA-587E-4F3D-9A29-4A2049286C5A}.Release|x86.ActiveCfg = Release|Any CPU
		{BCD3B3FA-587E-4F3D-9A29-4A2049286C5A}.Release|x86.Build.0 = Release|Any CPU
		{BD07FD83-8618-4E80-8336-77E4060C8C75}.Debug|Any CPU.ActiveCfg = Debug|Any CPU
		{BD07FD83-8618-4E80-8336-77E4060C8C75}.Debug|Any CPU.Build.0 = Debug|Any CPU
		{BD07FD83-8618-4E80-8336-77E4060C8C75}.Debug|ARM.ActiveCfg = Debug|Any CPU
		{BD07FD83-8618-4E80-8336-77E4060C8C75}.Debug|ARM.Build.0 = Debug|Any CPU
		{BD07FD83-8618-4E80-8336-77E4060C8C75}.Debug|ARM64.ActiveCfg = Debug|Any CPU
		{BD07FD83-8618-4E80-8336-77E4060C8C75}.Debug|ARM64.Build.0 = Debug|Any CPU
		{BD07FD83-8618-4E80-8336-77E4060C8C75}.Debug|x64.ActiveCfg = Debug|Any CPU
		{BD07FD83-8618-4E80-8336-77E4060C8C75}.Debug|x64.Build.0 = Debug|Any CPU
		{BD07FD83-8618-4E80-8336-77E4060C8C75}.Debug|x86.ActiveCfg = Debug|Any CPU
		{BD07FD83-8618-4E80-8336-77E4060C8C75}.Debug|x86.Build.0 = Debug|Any CPU
		{BD07FD83-8618-4E80-8336-77E4060C8C75}.Release|Any CPU.ActiveCfg = Release|Any CPU
		{BD07FD83-8618-4E80-8336-77E4060C8C75}.Release|Any CPU.Build.0 = Release|Any CPU
		{BD07FD83-8618-4E80-8336-77E4060C8C75}.Release|ARM.ActiveCfg = Release|Any CPU
		{BD07FD83-8618-4E80-8336-77E4060C8C75}.Release|ARM.Build.0 = Release|Any CPU
		{BD07FD83-8618-4E80-8336-77E4060C8C75}.Release|ARM64.ActiveCfg = Release|Any CPU
		{BD07FD83-8618-4E80-8336-77E4060C8C75}.Release|ARM64.Build.0 = Release|Any CPU
		{BD07FD83-8618-4E80-8336-77E4060C8C75}.Release|x64.ActiveCfg = Release|Any CPU
		{BD07FD83-8618-4E80-8336-77E4060C8C75}.Release|x64.Build.0 = Release|Any CPU
		{BD07FD83-8618-4E80-8336-77E4060C8C75}.Release|x86.ActiveCfg = Release|Any CPU
		{BD07FD83-8618-4E80-8336-77E4060C8C75}.Release|x86.Build.0 = Release|Any CPU
		{08CE6CFB-3133-4262-80A2-9E6FBEED4787}.Debug|Any CPU.ActiveCfg = Debug|Any CPU
		{08CE6CFB-3133-4262-80A2-9E6FBEED4787}.Debug|Any CPU.Build.0 = Debug|Any CPU
		{08CE6CFB-3133-4262-80A2-9E6FBEED4787}.Debug|ARM.ActiveCfg = Debug|Any CPU
		{08CE6CFB-3133-4262-80A2-9E6FBEED4787}.Debug|ARM.Build.0 = Debug|Any CPU
		{08CE6CFB-3133-4262-80A2-9E6FBEED4787}.Debug|ARM64.ActiveCfg = Debug|Any CPU
		{08CE6CFB-3133-4262-80A2-9E6FBEED4787}.Debug|ARM64.Build.0 = Debug|Any CPU
		{08CE6CFB-3133-4262-80A2-9E6FBEED4787}.Debug|x64.ActiveCfg = Debug|Any CPU
		{08CE6CFB-3133-4262-80A2-9E6FBEED4787}.Debug|x64.Build.0 = Debug|Any CPU
		{08CE6CFB-3133-4262-80A2-9E6FBEED4787}.Debug|x86.ActiveCfg = Debug|Any CPU
		{08CE6CFB-3133-4262-80A2-9E6FBEED4787}.Debug|x86.Build.0 = Debug|Any CPU
		{08CE6CFB-3133-4262-80A2-9E6FBEED4787}.Release|Any CPU.ActiveCfg = Release|Any CPU
		{08CE6CFB-3133-4262-80A2-9E6FBEED4787}.Release|Any CPU.Build.0 = Release|Any CPU
		{08CE6CFB-3133-4262-80A2-9E6FBEED4787}.Release|ARM.ActiveCfg = Release|Any CPU
		{08CE6CFB-3133-4262-80A2-9E6FBEED4787}.Release|ARM.Build.0 = Release|Any CPU
		{08CE6CFB-3133-4262-80A2-9E6FBEED4787}.Release|ARM64.ActiveCfg = Release|Any CPU
		{08CE6CFB-3133-4262-80A2-9E6FBEED4787}.Release|ARM64.Build.0 = Release|Any CPU
		{08CE6CFB-3133-4262-80A2-9E6FBEED4787}.Release|x64.ActiveCfg = Release|Any CPU
		{08CE6CFB-3133-4262-80A2-9E6FBEED4787}.Release|x64.Build.0 = Release|Any CPU
		{08CE6CFB-3133-4262-80A2-9E6FBEED4787}.Release|x86.ActiveCfg = Release|Any CPU
		{08CE6CFB-3133-4262-80A2-9E6FBEED4787}.Release|x86.Build.0 = Release|Any CPU
		{CA0ED11F-1022-45C5-AF0A-24DC5851B811}.Debug|Any CPU.ActiveCfg = Debug|Any CPU
		{CA0ED11F-1022-45C5-AF0A-24DC5851B811}.Debug|Any CPU.Build.0 = Debug|Any CPU
		{CA0ED11F-1022-45C5-AF0A-24DC5851B811}.Debug|ARM.ActiveCfg = Debug|Any CPU
		{CA0ED11F-1022-45C5-AF0A-24DC5851B811}.Debug|ARM.Build.0 = Debug|Any CPU
		{CA0ED11F-1022-45C5-AF0A-24DC5851B811}.Debug|ARM64.ActiveCfg = Debug|Any CPU
		{CA0ED11F-1022-45C5-AF0A-24DC5851B811}.Debug|ARM64.Build.0 = Debug|Any CPU
		{CA0ED11F-1022-45C5-AF0A-24DC5851B811}.Debug|x64.ActiveCfg = Debug|Any CPU
		{CA0ED11F-1022-45C5-AF0A-24DC5851B811}.Debug|x64.Build.0 = Debug|Any CPU
		{CA0ED11F-1022-45C5-AF0A-24DC5851B811}.Debug|x86.ActiveCfg = Debug|Any CPU
		{CA0ED11F-1022-45C5-AF0A-24DC5851B811}.Debug|x86.Build.0 = Debug|Any CPU
		{CA0ED11F-1022-45C5-AF0A-24DC5851B811}.Release|Any CPU.ActiveCfg = Release|Any CPU
		{CA0ED11F-1022-45C5-AF0A-24DC5851B811}.Release|Any CPU.Build.0 = Release|Any CPU
		{CA0ED11F-1022-45C5-AF0A-24DC5851B811}.Release|ARM.ActiveCfg = Release|Any CPU
		{CA0ED11F-1022-45C5-AF0A-24DC5851B811}.Release|ARM.Build.0 = Release|Any CPU
		{CA0ED11F-1022-45C5-AF0A-24DC5851B811}.Release|ARM64.ActiveCfg = Release|Any CPU
		{CA0ED11F-1022-45C5-AF0A-24DC5851B811}.Release|ARM64.Build.0 = Release|Any CPU
		{CA0ED11F-1022-45C5-AF0A-24DC5851B811}.Release|x64.ActiveCfg = Release|Any CPU
		{CA0ED11F-1022-45C5-AF0A-24DC5851B811}.Release|x64.Build.0 = Release|Any CPU
		{CA0ED11F-1022-45C5-AF0A-24DC5851B811}.Release|x86.ActiveCfg = Release|Any CPU
		{CA0ED11F-1022-45C5-AF0A-24DC5851B811}.Release|x86.Build.0 = Release|Any CPU
		{3B1184B3-FB80-45A3-ABA8-B1DEF1BBAECF}.Debug|Any CPU.ActiveCfg = Debug|Any CPU
		{3B1184B3-FB80-45A3-ABA8-B1DEF1BBAECF}.Debug|Any CPU.Build.0 = Debug|Any CPU
		{3B1184B3-FB80-45A3-ABA8-B1DEF1BBAECF}.Debug|ARM.ActiveCfg = Debug|Any CPU
		{3B1184B3-FB80-45A3-ABA8-B1DEF1BBAECF}.Debug|ARM.Build.0 = Debug|Any CPU
		{3B1184B3-FB80-45A3-ABA8-B1DEF1BBAECF}.Debug|ARM64.ActiveCfg = Debug|Any CPU
		{3B1184B3-FB80-45A3-ABA8-B1DEF1BBAECF}.Debug|ARM64.Build.0 = Debug|Any CPU
		{3B1184B3-FB80-45A3-ABA8-B1DEF1BBAECF}.Debug|x64.ActiveCfg = Debug|Any CPU
		{3B1184B3-FB80-45A3-ABA8-B1DEF1BBAECF}.Debug|x64.Build.0 = Debug|Any CPU
		{3B1184B3-FB80-45A3-ABA8-B1DEF1BBAECF}.Debug|x86.ActiveCfg = Debug|Any CPU
		{3B1184B3-FB80-45A3-ABA8-B1DEF1BBAECF}.Debug|x86.Build.0 = Debug|Any CPU
		{3B1184B3-FB80-45A3-ABA8-B1DEF1BBAECF}.Release|Any CPU.ActiveCfg = Release|Any CPU
		{3B1184B3-FB80-45A3-ABA8-B1DEF1BBAECF}.Release|Any CPU.Build.0 = Release|Any CPU
		{3B1184B3-FB80-45A3-ABA8-B1DEF1BBAECF}.Release|ARM.ActiveCfg = Release|Any CPU
		{3B1184B3-FB80-45A3-ABA8-B1DEF1BBAECF}.Release|ARM.Build.0 = Release|Any CPU
		{3B1184B3-FB80-45A3-ABA8-B1DEF1BBAECF}.Release|ARM64.ActiveCfg = Release|Any CPU
		{3B1184B3-FB80-45A3-ABA8-B1DEF1BBAECF}.Release|ARM64.Build.0 = Release|Any CPU
		{3B1184B3-FB80-45A3-ABA8-B1DEF1BBAECF}.Release|x64.ActiveCfg = Release|Any CPU
		{3B1184B3-FB80-45A3-ABA8-B1DEF1BBAECF}.Release|x64.Build.0 = Release|Any CPU
		{3B1184B3-FB80-45A3-ABA8-B1DEF1BBAECF}.Release|x86.ActiveCfg = Release|Any CPU
		{3B1184B3-FB80-45A3-ABA8-B1DEF1BBAECF}.Release|x86.Build.0 = Release|Any CPU
		{3C5673AD-D82B-457A-9383-25ACC9B5547D}.Debug|Any CPU.ActiveCfg = Debug|Any CPU
		{3C5673AD-D82B-457A-9383-25ACC9B5547D}.Debug|Any CPU.Build.0 = Debug|Any CPU
		{3C5673AD-D82B-457A-9383-25ACC9B5547D}.Debug|ARM.ActiveCfg = Debug|Any CPU
		{3C5673AD-D82B-457A-9383-25ACC9B5547D}.Debug|ARM.Build.0 = Debug|Any CPU
		{3C5673AD-D82B-457A-9383-25ACC9B5547D}.Debug|ARM64.ActiveCfg = Debug|Any CPU
		{3C5673AD-D82B-457A-9383-25ACC9B5547D}.Debug|ARM64.Build.0 = Debug|Any CPU
		{3C5673AD-D82B-457A-9383-25ACC9B5547D}.Debug|x64.ActiveCfg = Debug|Any CPU
		{3C5673AD-D82B-457A-9383-25ACC9B5547D}.Debug|x64.Build.0 = Debug|Any CPU
		{3C5673AD-D82B-457A-9383-25ACC9B5547D}.Debug|x86.ActiveCfg = Debug|Any CPU
		{3C5673AD-D82B-457A-9383-25ACC9B5547D}.Debug|x86.Build.0 = Debug|Any CPU
		{3C5673AD-D82B-457A-9383-25ACC9B5547D}.Release|Any CPU.ActiveCfg = Release|Any CPU
		{3C5673AD-D82B-457A-9383-25ACC9B5547D}.Release|Any CPU.Build.0 = Release|Any CPU
		{3C5673AD-D82B-457A-9383-25ACC9B5547D}.Release|ARM.ActiveCfg = Release|Any CPU
		{3C5673AD-D82B-457A-9383-25ACC9B5547D}.Release|ARM.Build.0 = Release|Any CPU
		{3C5673AD-D82B-457A-9383-25ACC9B5547D}.Release|ARM64.ActiveCfg = Release|Any CPU
		{3C5673AD-D82B-457A-9383-25ACC9B5547D}.Release|ARM64.Build.0 = Release|Any CPU
		{3C5673AD-D82B-457A-9383-25ACC9B5547D}.Release|x64.ActiveCfg = Release|Any CPU
		{3C5673AD-D82B-457A-9383-25ACC9B5547D}.Release|x64.Build.0 = Release|Any CPU
		{3C5673AD-D82B-457A-9383-25ACC9B5547D}.Release|x86.ActiveCfg = Release|Any CPU
		{3C5673AD-D82B-457A-9383-25ACC9B5547D}.Release|x86.Build.0 = Release|Any CPU
		{63D94487-48E4-4EF0-BC4D-39CA03C8EC5A}.Debug|Any CPU.ActiveCfg = Debug|Any CPU
		{63D94487-48E4-4EF0-BC4D-39CA03C8EC5A}.Debug|Any CPU.Build.0 = Debug|Any CPU
		{63D94487-48E4-4EF0-BC4D-39CA03C8EC5A}.Debug|ARM.ActiveCfg = Debug|Any CPU
		{63D94487-48E4-4EF0-BC4D-39CA03C8EC5A}.Debug|ARM.Build.0 = Debug|Any CPU
		{63D94487-48E4-4EF0-BC4D-39CA03C8EC5A}.Debug|ARM64.ActiveCfg = Debug|Any CPU
		{63D94487-48E4-4EF0-BC4D-39CA03C8EC5A}.Debug|ARM64.Build.0 = Debug|Any CPU
		{63D94487-48E4-4EF0-BC4D-39CA03C8EC5A}.Debug|x64.ActiveCfg = Debug|Any CPU
		{63D94487-48E4-4EF0-BC4D-39CA03C8EC5A}.Debug|x64.Build.0 = Debug|Any CPU
		{63D94487-48E4-4EF0-BC4D-39CA03C8EC5A}.Debug|x86.ActiveCfg = Debug|Any CPU
		{63D94487-48E4-4EF0-BC4D-39CA03C8EC5A}.Debug|x86.Build.0 = Debug|Any CPU
		{63D94487-48E4-4EF0-BC4D-39CA03C8EC5A}.Release|Any CPU.ActiveCfg = Release|Any CPU
		{63D94487-48E4-4EF0-BC4D-39CA03C8EC5A}.Release|Any CPU.Build.0 = Release|Any CPU
		{63D94487-48E4-4EF0-BC4D-39CA03C8EC5A}.Release|ARM.ActiveCfg = Release|Any CPU
		{63D94487-48E4-4EF0-BC4D-39CA03C8EC5A}.Release|ARM.Build.0 = Release|Any CPU
		{63D94487-48E4-4EF0-BC4D-39CA03C8EC5A}.Release|ARM64.ActiveCfg = Release|Any CPU
		{63D94487-48E4-4EF0-BC4D-39CA03C8EC5A}.Release|ARM64.Build.0 = Release|Any CPU
		{63D94487-48E4-4EF0-BC4D-39CA03C8EC5A}.Release|x64.ActiveCfg = Release|Any CPU
		{63D94487-48E4-4EF0-BC4D-39CA03C8EC5A}.Release|x64.Build.0 = Release|Any CPU
		{63D94487-48E4-4EF0-BC4D-39CA03C8EC5A}.Release|x86.ActiveCfg = Release|Any CPU
		{63D94487-48E4-4EF0-BC4D-39CA03C8EC5A}.Release|x86.Build.0 = Release|Any CPU
		{1A9994A5-DFEC-4E76-9BB7-9058580FE097}.Debug|Any CPU.ActiveCfg = Debug|Any CPU
		{1A9994A5-DFEC-4E76-9BB7-9058580FE097}.Debug|Any CPU.Build.0 = Debug|Any CPU
		{1A9994A5-DFEC-4E76-9BB7-9058580FE097}.Debug|ARM.ActiveCfg = Debug|Any CPU
		{1A9994A5-DFEC-4E76-9BB7-9058580FE097}.Debug|ARM.Build.0 = Debug|Any CPU
		{1A9994A5-DFEC-4E76-9BB7-9058580FE097}.Debug|ARM64.ActiveCfg = Debug|Any CPU
		{1A9994A5-DFEC-4E76-9BB7-9058580FE097}.Debug|ARM64.Build.0 = Debug|Any CPU
		{1A9994A5-DFEC-4E76-9BB7-9058580FE097}.Debug|x64.ActiveCfg = Debug|Any CPU
		{1A9994A5-DFEC-4E76-9BB7-9058580FE097}.Debug|x64.Build.0 = Debug|Any CPU
		{1A9994A5-DFEC-4E76-9BB7-9058580FE097}.Debug|x86.ActiveCfg = Debug|Any CPU
		{1A9994A5-DFEC-4E76-9BB7-9058580FE097}.Debug|x86.Build.0 = Debug|Any CPU
		{1A9994A5-DFEC-4E76-9BB7-9058580FE097}.Release|Any CPU.ActiveCfg = Release|Any CPU
		{1A9994A5-DFEC-4E76-9BB7-9058580FE097}.Release|Any CPU.Build.0 = Release|Any CPU
		{1A9994A5-DFEC-4E76-9BB7-9058580FE097}.Release|ARM.ActiveCfg = Release|Any CPU
		{1A9994A5-DFEC-4E76-9BB7-9058580FE097}.Release|ARM.Build.0 = Release|Any CPU
		{1A9994A5-DFEC-4E76-9BB7-9058580FE097}.Release|ARM64.ActiveCfg = Release|Any CPU
		{1A9994A5-DFEC-4E76-9BB7-9058580FE097}.Release|ARM64.Build.0 = Release|Any CPU
		{1A9994A5-DFEC-4E76-9BB7-9058580FE097}.Release|x64.ActiveCfg = Release|Any CPU
		{1A9994A5-DFEC-4E76-9BB7-9058580FE097}.Release|x64.Build.0 = Release|Any CPU
		{1A9994A5-DFEC-4E76-9BB7-9058580FE097}.Release|x86.ActiveCfg = Release|Any CPU
		{1A9994A5-DFEC-4E76-9BB7-9058580FE097}.Release|x86.Build.0 = Release|Any CPU
		{D9160638-01C1-4C0F-AC11-F8830B781A70}.Debug|Any CPU.ActiveCfg = Debug|Any CPU
		{D9160638-01C1-4C0F-AC11-F8830B781A70}.Debug|Any CPU.Build.0 = Debug|Any CPU
		{D9160638-01C1-4C0F-AC11-F8830B781A70}.Debug|ARM.ActiveCfg = Debug|Any CPU
		{D9160638-01C1-4C0F-AC11-F8830B781A70}.Debug|ARM.Build.0 = Debug|Any CPU
		{D9160638-01C1-4C0F-AC11-F8830B781A70}.Debug|ARM64.ActiveCfg = Debug|Any CPU
		{D9160638-01C1-4C0F-AC11-F8830B781A70}.Debug|ARM64.Build.0 = Debug|Any CPU
		{D9160638-01C1-4C0F-AC11-F8830B781A70}.Debug|x64.ActiveCfg = Debug|Any CPU
		{D9160638-01C1-4C0F-AC11-F8830B781A70}.Debug|x64.Build.0 = Debug|Any CPU
		{D9160638-01C1-4C0F-AC11-F8830B781A70}.Debug|x86.ActiveCfg = Debug|Any CPU
		{D9160638-01C1-4C0F-AC11-F8830B781A70}.Debug|x86.Build.0 = Debug|Any CPU
		{D9160638-01C1-4C0F-AC11-F8830B781A70}.Release|Any CPU.ActiveCfg = Release|Any CPU
		{D9160638-01C1-4C0F-AC11-F8830B781A70}.Release|Any CPU.Build.0 = Release|Any CPU
		{D9160638-01C1-4C0F-AC11-F8830B781A70}.Release|ARM.ActiveCfg = Release|Any CPU
		{D9160638-01C1-4C0F-AC11-F8830B781A70}.Release|ARM.Build.0 = Release|Any CPU
		{D9160638-01C1-4C0F-AC11-F8830B781A70}.Release|ARM64.ActiveCfg = Release|Any CPU
		{D9160638-01C1-4C0F-AC11-F8830B781A70}.Release|ARM64.Build.0 = Release|Any CPU
		{D9160638-01C1-4C0F-AC11-F8830B781A70}.Release|x64.ActiveCfg = Release|Any CPU
		{D9160638-01C1-4C0F-AC11-F8830B781A70}.Release|x64.Build.0 = Release|Any CPU
		{D9160638-01C1-4C0F-AC11-F8830B781A70}.Release|x86.ActiveCfg = Release|Any CPU
		{D9160638-01C1-4C0F-AC11-F8830B781A70}.Release|x86.Build.0 = Release|Any CPU
		{4E0ED06E-28E5-437B-AF78-419431AA669D}.Debug|Any CPU.ActiveCfg = Debug|Any CPU
		{4E0ED06E-28E5-437B-AF78-419431AA669D}.Debug|Any CPU.Build.0 = Debug|Any CPU
		{4E0ED06E-28E5-437B-AF78-419431AA669D}.Debug|ARM.ActiveCfg = Debug|Any CPU
		{4E0ED06E-28E5-437B-AF78-419431AA669D}.Debug|ARM.Build.0 = Debug|Any CPU
		{4E0ED06E-28E5-437B-AF78-419431AA669D}.Debug|ARM64.ActiveCfg = Debug|Any CPU
		{4E0ED06E-28E5-437B-AF78-419431AA669D}.Debug|ARM64.Build.0 = Debug|Any CPU
		{4E0ED06E-28E5-437B-AF78-419431AA669D}.Debug|x64.ActiveCfg = Debug|Any CPU
		{4E0ED06E-28E5-437B-AF78-419431AA669D}.Debug|x64.Build.0 = Debug|Any CPU
		{4E0ED06E-28E5-437B-AF78-419431AA669D}.Debug|x86.ActiveCfg = Debug|Any CPU
		{4E0ED06E-28E5-437B-AF78-419431AA669D}.Debug|x86.Build.0 = Debug|Any CPU
		{4E0ED06E-28E5-437B-AF78-419431AA669D}.Release|Any CPU.ActiveCfg = Release|Any CPU
		{4E0ED06E-28E5-437B-AF78-419431AA669D}.Release|Any CPU.Build.0 = Release|Any CPU
		{4E0ED06E-28E5-437B-AF78-419431AA669D}.Release|ARM.ActiveCfg = Release|Any CPU
		{4E0ED06E-28E5-437B-AF78-419431AA669D}.Release|ARM.Build.0 = Release|Any CPU
		{4E0ED06E-28E5-437B-AF78-419431AA669D}.Release|ARM64.ActiveCfg = Release|Any CPU
		{4E0ED06E-28E5-437B-AF78-419431AA669D}.Release|ARM64.Build.0 = Release|Any CPU
		{4E0ED06E-28E5-437B-AF78-419431AA669D}.Release|x64.ActiveCfg = Release|Any CPU
		{4E0ED06E-28E5-437B-AF78-419431AA669D}.Release|x64.Build.0 = Release|Any CPU
		{4E0ED06E-28E5-437B-AF78-419431AA669D}.Release|x86.ActiveCfg = Release|Any CPU
		{4E0ED06E-28E5-437B-AF78-419431AA669D}.Release|x86.Build.0 = Release|Any CPU
		{04F19CE9-41EC-4C6C-812C-2D047339DE3E}.Debug|Any CPU.ActiveCfg = Debug|Any CPU
		{04F19CE9-41EC-4C6C-812C-2D047339DE3E}.Debug|Any CPU.Build.0 = Debug|Any CPU
		{04F19CE9-41EC-4C6C-812C-2D047339DE3E}.Debug|ARM.ActiveCfg = Debug|Any CPU
		{04F19CE9-41EC-4C6C-812C-2D047339DE3E}.Debug|ARM.Build.0 = Debug|Any CPU
		{04F19CE9-41EC-4C6C-812C-2D047339DE3E}.Debug|ARM64.ActiveCfg = Debug|Any CPU
		{04F19CE9-41EC-4C6C-812C-2D047339DE3E}.Debug|ARM64.Build.0 = Debug|Any CPU
		{04F19CE9-41EC-4C6C-812C-2D047339DE3E}.Debug|x64.ActiveCfg = Debug|Any CPU
		{04F19CE9-41EC-4C6C-812C-2D047339DE3E}.Debug|x64.Build.0 = Debug|Any CPU
		{04F19CE9-41EC-4C6C-812C-2D047339DE3E}.Debug|x86.ActiveCfg = Debug|Any CPU
		{04F19CE9-41EC-4C6C-812C-2D047339DE3E}.Debug|x86.Build.0 = Debug|Any CPU
		{04F19CE9-41EC-4C6C-812C-2D047339DE3E}.Release|Any CPU.ActiveCfg = Release|Any CPU
		{04F19CE9-41EC-4C6C-812C-2D047339DE3E}.Release|Any CPU.Build.0 = Release|Any CPU
		{04F19CE9-41EC-4C6C-812C-2D047339DE3E}.Release|ARM.ActiveCfg = Release|Any CPU
		{04F19CE9-41EC-4C6C-812C-2D047339DE3E}.Release|ARM.Build.0 = Release|Any CPU
		{04F19CE9-41EC-4C6C-812C-2D047339DE3E}.Release|ARM64.ActiveCfg = Release|Any CPU
		{04F19CE9-41EC-4C6C-812C-2D047339DE3E}.Release|ARM64.Build.0 = Release|Any CPU
		{04F19CE9-41EC-4C6C-812C-2D047339DE3E}.Release|x64.ActiveCfg = Release|Any CPU
		{04F19CE9-41EC-4C6C-812C-2D047339DE3E}.Release|x64.Build.0 = Release|Any CPU
		{04F19CE9-41EC-4C6C-812C-2D047339DE3E}.Release|x86.ActiveCfg = Release|Any CPU
		{04F19CE9-41EC-4C6C-812C-2D047339DE3E}.Release|x86.Build.0 = Release|Any CPU
		{A3232ADB-820D-42C1-89EE-100BB5CCA488}.Debug|Any CPU.ActiveCfg = Debug|Any CPU
		{A3232ADB-820D-42C1-89EE-100BB5CCA488}.Debug|Any CPU.Build.0 = Debug|Any CPU
		{A3232ADB-820D-42C1-89EE-100BB5CCA488}.Debug|ARM.ActiveCfg = Debug|Any CPU
		{A3232ADB-820D-42C1-89EE-100BB5CCA488}.Debug|ARM.Build.0 = Debug|Any CPU
		{A3232ADB-820D-42C1-89EE-100BB5CCA488}.Debug|ARM64.ActiveCfg = Debug|Any CPU
		{A3232ADB-820D-42C1-89EE-100BB5CCA488}.Debug|ARM64.Build.0 = Debug|Any CPU
		{A3232ADB-820D-42C1-89EE-100BB5CCA488}.Debug|x64.ActiveCfg = Debug|Any CPU
		{A3232ADB-820D-42C1-89EE-100BB5CCA488}.Debug|x64.Build.0 = Debug|Any CPU
		{A3232ADB-820D-42C1-89EE-100BB5CCA488}.Debug|x86.ActiveCfg = Debug|Any CPU
		{A3232ADB-820D-42C1-89EE-100BB5CCA488}.Debug|x86.Build.0 = Debug|Any CPU
		{A3232ADB-820D-42C1-89EE-100BB5CCA488}.Release|Any CPU.ActiveCfg = Release|Any CPU
		{A3232ADB-820D-42C1-89EE-100BB5CCA488}.Release|Any CPU.Build.0 = Release|Any CPU
		{A3232ADB-820D-42C1-89EE-100BB5CCA488}.Release|ARM.ActiveCfg = Release|Any CPU
		{A3232ADB-820D-42C1-89EE-100BB5CCA488}.Release|ARM.Build.0 = Release|Any CPU
		{A3232ADB-820D-42C1-89EE-100BB5CCA488}.Release|ARM64.ActiveCfg = Release|Any CPU
		{A3232ADB-820D-42C1-89EE-100BB5CCA488}.Release|ARM64.Build.0 = Release|Any CPU
		{A3232ADB-820D-42C1-89EE-100BB5CCA488}.Release|x64.ActiveCfg = Release|Any CPU
		{A3232ADB-820D-42C1-89EE-100BB5CCA488}.Release|x64.Build.0 = Release|Any CPU
		{A3232ADB-820D-42C1-89EE-100BB5CCA488}.Release|x86.ActiveCfg = Release|Any CPU
		{A3232ADB-820D-42C1-89EE-100BB5CCA488}.Release|x86.Build.0 = Release|Any CPU
		{0313704B-CDDE-4FCA-9D04-BC9D06F5BA02}.Debug|Any CPU.ActiveCfg = Debug|Any CPU
		{0313704B-CDDE-4FCA-9D04-BC9D06F5BA02}.Debug|Any CPU.Build.0 = Debug|Any CPU
		{0313704B-CDDE-4FCA-9D04-BC9D06F5BA02}.Debug|ARM.ActiveCfg = Debug|Any CPU
		{0313704B-CDDE-4FCA-9D04-BC9D06F5BA02}.Debug|ARM.Build.0 = Debug|Any CPU
		{0313704B-CDDE-4FCA-9D04-BC9D06F5BA02}.Debug|ARM64.ActiveCfg = Debug|Any CPU
		{0313704B-CDDE-4FCA-9D04-BC9D06F5BA02}.Debug|ARM64.Build.0 = Debug|Any CPU
		{0313704B-CDDE-4FCA-9D04-BC9D06F5BA02}.Debug|x64.ActiveCfg = Debug|Any CPU
		{0313704B-CDDE-4FCA-9D04-BC9D06F5BA02}.Debug|x64.Build.0 = Debug|Any CPU
		{0313704B-CDDE-4FCA-9D04-BC9D06F5BA02}.Debug|x86.ActiveCfg = Debug|Any CPU
		{0313704B-CDDE-4FCA-9D04-BC9D06F5BA02}.Debug|x86.Build.0 = Debug|Any CPU
		{0313704B-CDDE-4FCA-9D04-BC9D06F5BA02}.Release|Any CPU.ActiveCfg = Release|Any CPU
		{0313704B-CDDE-4FCA-9D04-BC9D06F5BA02}.Release|Any CPU.Build.0 = Release|Any CPU
		{0313704B-CDDE-4FCA-9D04-BC9D06F5BA02}.Release|ARM.ActiveCfg = Release|Any CPU
		{0313704B-CDDE-4FCA-9D04-BC9D06F5BA02}.Release|ARM.Build.0 = Release|Any CPU
		{0313704B-CDDE-4FCA-9D04-BC9D06F5BA02}.Release|ARM64.ActiveCfg = Release|Any CPU
		{0313704B-CDDE-4FCA-9D04-BC9D06F5BA02}.Release|ARM64.Build.0 = Release|Any CPU
		{0313704B-CDDE-4FCA-9D04-BC9D06F5BA02}.Release|x64.ActiveCfg = Release|Any CPU
		{0313704B-CDDE-4FCA-9D04-BC9D06F5BA02}.Release|x64.Build.0 = Release|Any CPU
		{0313704B-CDDE-4FCA-9D04-BC9D06F5BA02}.Release|x86.ActiveCfg = Release|Any CPU
		{0313704B-CDDE-4FCA-9D04-BC9D06F5BA02}.Release|x86.Build.0 = Release|Any CPU
		{9BBDDBEE-4F3E-4272-A902-94962DFFF3AB}.Debug|Any CPU.ActiveCfg = Debug|Any CPU
		{9BBDDBEE-4F3E-4272-A902-94962DFFF3AB}.Debug|Any CPU.Build.0 = Debug|Any CPU
		{9BBDDBEE-4F3E-4272-A902-94962DFFF3AB}.Debug|ARM.ActiveCfg = Debug|Any CPU
		{9BBDDBEE-4F3E-4272-A902-94962DFFF3AB}.Debug|ARM.Build.0 = Debug|Any CPU
		{9BBDDBEE-4F3E-4272-A902-94962DFFF3AB}.Debug|ARM64.ActiveCfg = Debug|Any CPU
		{9BBDDBEE-4F3E-4272-A902-94962DFFF3AB}.Debug|ARM64.Build.0 = Debug|Any CPU
		{9BBDDBEE-4F3E-4272-A902-94962DFFF3AB}.Debug|x64.ActiveCfg = Debug|Any CPU
		{9BBDDBEE-4F3E-4272-A902-94962DFFF3AB}.Debug|x64.Build.0 = Debug|Any CPU
		{9BBDDBEE-4F3E-4272-A902-94962DFFF3AB}.Debug|x86.ActiveCfg = Debug|Any CPU
		{9BBDDBEE-4F3E-4272-A902-94962DFFF3AB}.Debug|x86.Build.0 = Debug|Any CPU
		{9BBDDBEE-4F3E-4272-A902-94962DFFF3AB}.Release|Any CPU.ActiveCfg = Release|Any CPU
		{9BBDDBEE-4F3E-4272-A902-94962DFFF3AB}.Release|Any CPU.Build.0 = Release|Any CPU
		{9BBDDBEE-4F3E-4272-A902-94962DFFF3AB}.Release|ARM.ActiveCfg = Release|Any CPU
		{9BBDDBEE-4F3E-4272-A902-94962DFFF3AB}.Release|ARM.Build.0 = Release|Any CPU
		{9BBDDBEE-4F3E-4272-A902-94962DFFF3AB}.Release|ARM64.ActiveCfg = Release|Any CPU
		{9BBDDBEE-4F3E-4272-A902-94962DFFF3AB}.Release|ARM64.Build.0 = Release|Any CPU
		{9BBDDBEE-4F3E-4272-A902-94962DFFF3AB}.Release|x64.ActiveCfg = Release|Any CPU
		{9BBDDBEE-4F3E-4272-A902-94962DFFF3AB}.Release|x64.Build.0 = Release|Any CPU
		{9BBDDBEE-4F3E-4272-A902-94962DFFF3AB}.Release|x86.ActiveCfg = Release|Any CPU
		{9BBDDBEE-4F3E-4272-A902-94962DFFF3AB}.Release|x86.Build.0 = Release|Any CPU
		{342190B0-11F8-46CE-B426-167F018C9D47}.Debug|Any CPU.ActiveCfg = Debug|Any CPU
		{342190B0-11F8-46CE-B426-167F018C9D47}.Debug|Any CPU.Build.0 = Debug|Any CPU
		{342190B0-11F8-46CE-B426-167F018C9D47}.Debug|ARM.ActiveCfg = Debug|Any CPU
		{342190B0-11F8-46CE-B426-167F018C9D47}.Debug|ARM.Build.0 = Debug|Any CPU
		{342190B0-11F8-46CE-B426-167F018C9D47}.Debug|ARM64.ActiveCfg = Debug|Any CPU
		{342190B0-11F8-46CE-B426-167F018C9D47}.Debug|ARM64.Build.0 = Debug|Any CPU
		{342190B0-11F8-46CE-B426-167F018C9D47}.Debug|x64.ActiveCfg = Debug|Any CPU
		{342190B0-11F8-46CE-B426-167F018C9D47}.Debug|x64.Build.0 = Debug|Any CPU
		{342190B0-11F8-46CE-B426-167F018C9D47}.Debug|x86.ActiveCfg = Debug|Any CPU
		{342190B0-11F8-46CE-B426-167F018C9D47}.Debug|x86.Build.0 = Debug|Any CPU
		{342190B0-11F8-46CE-B426-167F018C9D47}.Release|Any CPU.ActiveCfg = Release|Any CPU
		{342190B0-11F8-46CE-B426-167F018C9D47}.Release|Any CPU.Build.0 = Release|Any CPU
		{342190B0-11F8-46CE-B426-167F018C9D47}.Release|ARM.ActiveCfg = Release|Any CPU
		{342190B0-11F8-46CE-B426-167F018C9D47}.Release|ARM.Build.0 = Release|Any CPU
		{342190B0-11F8-46CE-B426-167F018C9D47}.Release|ARM64.ActiveCfg = Release|Any CPU
		{342190B0-11F8-46CE-B426-167F018C9D47}.Release|ARM64.Build.0 = Release|Any CPU
		{342190B0-11F8-46CE-B426-167F018C9D47}.Release|x64.ActiveCfg = Release|Any CPU
		{342190B0-11F8-46CE-B426-167F018C9D47}.Release|x64.Build.0 = Release|Any CPU
		{342190B0-11F8-46CE-B426-167F018C9D47}.Release|x86.ActiveCfg = Release|Any CPU
		{342190B0-11F8-46CE-B426-167F018C9D47}.Release|x86.Build.0 = Release|Any CPU
		{2C5CFDA3-920D-42C2-9DD3-2A02832A8247}.Debug|Any CPU.ActiveCfg = Debug|Any CPU
		{2C5CFDA3-920D-42C2-9DD3-2A02832A8247}.Debug|Any CPU.Build.0 = Debug|Any CPU
		{2C5CFDA3-920D-42C2-9DD3-2A02832A8247}.Debug|ARM.ActiveCfg = Debug|Any CPU
		{2C5CFDA3-920D-42C2-9DD3-2A02832A8247}.Debug|ARM.Build.0 = Debug|Any CPU
		{2C5CFDA3-920D-42C2-9DD3-2A02832A8247}.Debug|ARM64.ActiveCfg = Debug|Any CPU
		{2C5CFDA3-920D-42C2-9DD3-2A02832A8247}.Debug|ARM64.Build.0 = Debug|Any CPU
		{2C5CFDA3-920D-42C2-9DD3-2A02832A8247}.Debug|x64.ActiveCfg = Debug|Any CPU
		{2C5CFDA3-920D-42C2-9DD3-2A02832A8247}.Debug|x64.Build.0 = Debug|Any CPU
		{2C5CFDA3-920D-42C2-9DD3-2A02832A8247}.Debug|x86.ActiveCfg = Debug|Any CPU
		{2C5CFDA3-920D-42C2-9DD3-2A02832A8247}.Debug|x86.Build.0 = Debug|Any CPU
		{2C5CFDA3-920D-42C2-9DD3-2A02832A8247}.Release|Any CPU.ActiveCfg = Release|Any CPU
		{2C5CFDA3-920D-42C2-9DD3-2A02832A8247}.Release|Any CPU.Build.0 = Release|Any CPU
		{2C5CFDA3-920D-42C2-9DD3-2A02832A8247}.Release|ARM.ActiveCfg = Release|Any CPU
		{2C5CFDA3-920D-42C2-9DD3-2A02832A8247}.Release|ARM.Build.0 = Release|Any CPU
		{2C5CFDA3-920D-42C2-9DD3-2A02832A8247}.Release|ARM64.ActiveCfg = Release|Any CPU
		{2C5CFDA3-920D-42C2-9DD3-2A02832A8247}.Release|ARM64.Build.0 = Release|Any CPU
		{2C5CFDA3-920D-42C2-9DD3-2A02832A8247}.Release|x64.ActiveCfg = Release|Any CPU
		{2C5CFDA3-920D-42C2-9DD3-2A02832A8247}.Release|x64.Build.0 = Release|Any CPU
		{2C5CFDA3-920D-42C2-9DD3-2A02832A8247}.Release|x86.ActiveCfg = Release|Any CPU
		{2C5CFDA3-920D-42C2-9DD3-2A02832A8247}.Release|x86.Build.0 = Release|Any CPU
		{5611C077-29FB-4570-B1DB-059EC39E3989}.Debug|Any CPU.ActiveCfg = Debug|Any CPU
		{5611C077-29FB-4570-B1DB-059EC39E3989}.Debug|Any CPU.Build.0 = Debug|Any CPU
		{5611C077-29FB-4570-B1DB-059EC39E3989}.Debug|ARM.ActiveCfg = Debug|Any CPU
		{5611C077-29FB-4570-B1DB-059EC39E3989}.Debug|ARM.Build.0 = Debug|Any CPU
		{5611C077-29FB-4570-B1DB-059EC39E3989}.Debug|ARM64.ActiveCfg = Debug|Any CPU
		{5611C077-29FB-4570-B1DB-059EC39E3989}.Debug|ARM64.Build.0 = Debug|Any CPU
		{5611C077-29FB-4570-B1DB-059EC39E3989}.Debug|x64.ActiveCfg = Debug|Any CPU
		{5611C077-29FB-4570-B1DB-059EC39E3989}.Debug|x64.Build.0 = Debug|Any CPU
		{5611C077-29FB-4570-B1DB-059EC39E3989}.Debug|x86.ActiveCfg = Debug|Any CPU
		{5611C077-29FB-4570-B1DB-059EC39E3989}.Debug|x86.Build.0 = Debug|Any CPU
		{5611C077-29FB-4570-B1DB-059EC39E3989}.Release|Any CPU.ActiveCfg = Release|Any CPU
		{5611C077-29FB-4570-B1DB-059EC39E3989}.Release|Any CPU.Build.0 = Release|Any CPU
		{5611C077-29FB-4570-B1DB-059EC39E3989}.Release|ARM.ActiveCfg = Release|Any CPU
		{5611C077-29FB-4570-B1DB-059EC39E3989}.Release|ARM.Build.0 = Release|Any CPU
		{5611C077-29FB-4570-B1DB-059EC39E3989}.Release|ARM64.ActiveCfg = Release|Any CPU
		{5611C077-29FB-4570-B1DB-059EC39E3989}.Release|ARM64.Build.0 = Release|Any CPU
		{5611C077-29FB-4570-B1DB-059EC39E3989}.Release|x64.ActiveCfg = Release|Any CPU
		{5611C077-29FB-4570-B1DB-059EC39E3989}.Release|x64.Build.0 = Release|Any CPU
		{5611C077-29FB-4570-B1DB-059EC39E3989}.Release|x86.ActiveCfg = Release|Any CPU
		{5611C077-29FB-4570-B1DB-059EC39E3989}.Release|x86.Build.0 = Release|Any CPU
		{75C097A5-1372-41E3-8B9A-9EA0750E16EA}.Debug|Any CPU.ActiveCfg = Debug|Any CPU
		{75C097A5-1372-41E3-8B9A-9EA0750E16EA}.Debug|Any CPU.Build.0 = Debug|Any CPU
		{75C097A5-1372-41E3-8B9A-9EA0750E16EA}.Debug|ARM.ActiveCfg = Debug|Any CPU
		{75C097A5-1372-41E3-8B9A-9EA0750E16EA}.Debug|ARM.Build.0 = Debug|Any CPU
		{75C097A5-1372-41E3-8B9A-9EA0750E16EA}.Debug|ARM64.ActiveCfg = Debug|Any CPU
		{75C097A5-1372-41E3-8B9A-9EA0750E16EA}.Debug|ARM64.Build.0 = Debug|Any CPU
		{75C097A5-1372-41E3-8B9A-9EA0750E16EA}.Debug|x64.ActiveCfg = Debug|Any CPU
		{75C097A5-1372-41E3-8B9A-9EA0750E16EA}.Debug|x64.Build.0 = Debug|Any CPU
		{75C097A5-1372-41E3-8B9A-9EA0750E16EA}.Debug|x86.ActiveCfg = Debug|Any CPU
		{75C097A5-1372-41E3-8B9A-9EA0750E16EA}.Debug|x86.Build.0 = Debug|Any CPU
		{75C097A5-1372-41E3-8B9A-9EA0750E16EA}.Release|Any CPU.ActiveCfg = Release|Any CPU
		{75C097A5-1372-41E3-8B9A-9EA0750E16EA}.Release|Any CPU.Build.0 = Release|Any CPU
		{75C097A5-1372-41E3-8B9A-9EA0750E16EA}.Release|ARM.ActiveCfg = Release|Any CPU
		{75C097A5-1372-41E3-8B9A-9EA0750E16EA}.Release|ARM.Build.0 = Release|Any CPU
		{75C097A5-1372-41E3-8B9A-9EA0750E16EA}.Release|ARM64.ActiveCfg = Release|Any CPU
		{75C097A5-1372-41E3-8B9A-9EA0750E16EA}.Release|ARM64.Build.0 = Release|Any CPU
		{75C097A5-1372-41E3-8B9A-9EA0750E16EA}.Release|x64.ActiveCfg = Release|Any CPU
		{75C097A5-1372-41E3-8B9A-9EA0750E16EA}.Release|x64.Build.0 = Release|Any CPU
		{75C097A5-1372-41E3-8B9A-9EA0750E16EA}.Release|x86.ActiveCfg = Release|Any CPU
		{75C097A5-1372-41E3-8B9A-9EA0750E16EA}.Release|x86.Build.0 = Release|Any CPU
		{0BE34A87-B23E-4565-8E03-2241741CBF0B}.Debug|Any CPU.ActiveCfg = Debug|Any CPU
		{0BE34A87-B23E-4565-8E03-2241741CBF0B}.Debug|Any CPU.Build.0 = Debug|Any CPU
		{0BE34A87-B23E-4565-8E03-2241741CBF0B}.Debug|ARM.ActiveCfg = Debug|Any CPU
		{0BE34A87-B23E-4565-8E03-2241741CBF0B}.Debug|ARM.Build.0 = Debug|Any CPU
		{0BE34A87-B23E-4565-8E03-2241741CBF0B}.Debug|ARM64.ActiveCfg = Debug|Any CPU
		{0BE34A87-B23E-4565-8E03-2241741CBF0B}.Debug|ARM64.Build.0 = Debug|Any CPU
		{0BE34A87-B23E-4565-8E03-2241741CBF0B}.Debug|x64.ActiveCfg = Debug|Any CPU
		{0BE34A87-B23E-4565-8E03-2241741CBF0B}.Debug|x64.Build.0 = Debug|Any CPU
		{0BE34A87-B23E-4565-8E03-2241741CBF0B}.Debug|x86.ActiveCfg = Debug|Any CPU
		{0BE34A87-B23E-4565-8E03-2241741CBF0B}.Debug|x86.Build.0 = Debug|Any CPU
		{0BE34A87-B23E-4565-8E03-2241741CBF0B}.Release|Any CPU.ActiveCfg = Release|Any CPU
		{0BE34A87-B23E-4565-8E03-2241741CBF0B}.Release|Any CPU.Build.0 = Release|Any CPU
		{0BE34A87-B23E-4565-8E03-2241741CBF0B}.Release|ARM.ActiveCfg = Release|Any CPU
		{0BE34A87-B23E-4565-8E03-2241741CBF0B}.Release|ARM.Build.0 = Release|Any CPU
		{0BE34A87-B23E-4565-8E03-2241741CBF0B}.Release|ARM64.ActiveCfg = Release|Any CPU
		{0BE34A87-B23E-4565-8E03-2241741CBF0B}.Release|ARM64.Build.0 = Release|Any CPU
		{0BE34A87-B23E-4565-8E03-2241741CBF0B}.Release|x64.ActiveCfg = Release|Any CPU
		{0BE34A87-B23E-4565-8E03-2241741CBF0B}.Release|x64.Build.0 = Release|Any CPU
		{0BE34A87-B23E-4565-8E03-2241741CBF0B}.Release|x86.ActiveCfg = Release|Any CPU
		{0BE34A87-B23E-4565-8E03-2241741CBF0B}.Release|x86.Build.0 = Release|Any CPU
	EndGlobalSection
	GlobalSection(SolutionProperties) = preSolution
		HideSolutionNode = FALSE
	EndGlobalSection
	GlobalSection(NestedProjects) = preSolution
		{3D4CAA5D-0FF2-4888-88B6-6AE8CF237D36} = {7E287064-0960-4337-A876-45122B67142D}
		{D5822E1D-2B88-4EB6-9A6C-3ECA22BAA694} = {7F34C6DF-68DD-4F5F-8A8B-B05C49740063}
		{BCD3B3FA-587E-4F3D-9A29-4A2049286C5A} = {7E287064-0960-4337-A876-45122B67142D}
		{BD07FD83-8618-4E80-8336-77E4060C8C75} = {7F34C6DF-68DD-4F5F-8A8B-B05C49740063}
		{7E287064-0960-4337-A876-45122B67142D} = {2D1F83BD-62E8-434A-9FD7-1549B27AECF6}
		{1F671271-1D91-4C56-8B65-544A1CECB23A} = {AE507F62-41E8-4F3E-8727-58FC104E95C8}
		{08CE6CFB-3133-4262-80A2-9E6FBEED4787} = {41DAEE1C-E505-4EC7-B67D-6D47D8A30BA6}
		{CA0ED11F-1022-45C5-AF0A-24DC5851B811} = {1F671271-1D91-4C56-8B65-544A1CECB23A}
		{3B1184B3-FB80-45A3-ABA8-B1DEF1BBAECF} = {1F671271-1D91-4C56-8B65-544A1CECB23A}
		{3C5673AD-D82B-457A-9383-25ACC9B5547D} = {7FE13DB9-C192-4F3B-AE81-5214F98615D6}
		{63D94487-48E4-4EF0-BC4D-39CA03C8EC5A} = {7FE13DB9-C192-4F3B-AE81-5214F98615D6}
		{1A9994A5-DFEC-4E76-9BB7-9058580FE097} = {AE507F62-41E8-4F3E-8727-58FC104E95C8}
		{D9160638-01C1-4C0F-AC11-F8830B781A70} = {1F671271-1D91-4C56-8B65-544A1CECB23A}
		{CD32A433-76B7-4D6F-90E2-5EB00B0D8B1E} = {2D1F83BD-62E8-434A-9FD7-1549B27AECF6}
		{04F19CE9-41EC-4C6C-812C-2D047339DE3E} = {CD32A433-76B7-4D6F-90E2-5EB00B0D8B1E}
		{A3232ADB-820D-42C1-89EE-100BB5CCA488} = {CD32A433-76B7-4D6F-90E2-5EB00B0D8B1E}
		{0313704B-CDDE-4FCA-9D04-BC9D06F5BA02} = {CD32A433-76B7-4D6F-90E2-5EB00B0D8B1E}
		{178E46FF-81DA-42A9-AAF2-22BB522D8EFB} = {AE507F62-41E8-4F3E-8727-58FC104E95C8}
		{9BBDDBEE-4F3E-4272-A902-94962DFFF3AB} = {178E46FF-81DA-42A9-AAF2-22BB522D8EFB}
		{342190B0-11F8-46CE-B426-167F018C9D47} = {178E46FF-81DA-42A9-AAF2-22BB522D8EFB}
		{2C5CFDA3-920D-42C2-9DD3-2A02832A8247} = {178E46FF-81DA-42A9-AAF2-22BB522D8EFB}
		{5611C077-29FB-4570-B1DB-059EC39E3989} = {178E46FF-81DA-42A9-AAF2-22BB522D8EFB}
		{7F34C6DF-68DD-4F5F-8A8B-B05C49740063} = {2D1F83BD-62E8-434A-9FD7-1549B27AECF6}
		{0BE34A87-B23E-4565-8E03-2241741CBF0B} = {7FE13DB9-C192-4F3B-AE81-5214F98615D6}
	EndGlobalSection
	GlobalSection(ExtensibilityGlobals) = postSolution
		SolutionGuid = {593CEE22-A4AC-4E04-B69B-5006B90260BE}
	EndGlobalSection
EndGlobal
